
Microsoft Visual Studio Solution File, Format Version 12.00
# Visual Studio Version 17
VisualStudioVersion = 17.11.35312.102
MinimumVisualStudioVersion = 10.0.40219.1
Project("{FAE04EC0-301F-11D3-BF4B-00C04F79EFBC}") = "nthung_2409", "nthung_2409.csproj", "{D6ED31DD-58F1-49C8-A87C-8D351C080CC6}"
EndProject
Global
	GlobalSection(SolutionConfigurationPlatforms) = preSolution
		Debug|Any CPU = Debug|Any CPU
		Release|Any CPU = Release|Any CPU
	EndGlobalSection
	GlobalSection(ProjectConfigurationPlatforms) = postSolution
		{D6ED31DD-58F1-49C8-A87C-8D351C080CC6}.Debug|Any CPU.ActiveCfg = Debug|Any CPU
		{D6ED31DD-58F1-49C8-A87C-8D351C080CC6}.Debug|Any CPU.Build.0 = Debug|Any CPU
		{D6ED31DD-58F1-49C8-A87C-8D351C080CC6}.Release|Any CPU.ActiveCfg = Release|Any CPU
		{D6ED31DD-58F1-49C8-A87C-8D351C080CC6}.Release|Any CPU.Build.0 = Release|Any CPU
	EndGlobalSection
	GlobalSection(SolutionProperties) = preSolution
		HideSolutionNode = FALSE
	EndGlobalSection
	GlobalSection(ExtensibilityGlobals) = postSolution
		SolutionGuid = {91253279-4178-48FB-B4B9-3E2F9ECF4FE7}
	EndGlobalSection
EndGlobal
